// !$*UTF8*$!
{
	archiveVersion = 1;
	classes = {
	};
	objectVersion = 46;
	objects = {

/* Begin PBXBuildFile section */
		6E7A628B1EC504A800080D05 /* ItemDetailVC.swift in Sources */ = {isa = PBXBuildFile; fileRef = 6E7A628A1EC504A800080D05 /* ItemDetailVC.swift */; };
		6E7A628D1EC52E0C00080D05 /* CustomTextField.swift in Sources */ = {isa = PBXBuildFile; fileRef = 6E7A628C1EC52E0C00080D05 /* CustomTextField.swift */; };
		6E999C5D1EC6378F00C602AF /* CoreDataUtil.swift in Sources */ = {isa = PBXBuildFile; fileRef = 6E999C5C1EC6378F00C602AF /* CoreDataUtil.swift */; };
		6EA87CC91EC35CC100F9781F /* AppDelegate.swift in Sources */ = {isa = PBXBuildFile; fileRef = 6EA87CC81EC35CC100F9781F /* AppDelegate.swift */; };
		6EA87CCB1EC35CC100F9781F /* MainVC.swift in Sources */ = {isa = PBXBuildFile; fileRef = 6EA87CCA1EC35CC100F9781F /* MainVC.swift */; };
		6EA87CCE1EC35CC100F9781F /* Main.storyboard in Resources */ = {isa = PBXBuildFile; fileRef = 6EA87CCC1EC35CC100F9781F /* Main.storyboard */; };
		6EA87CD11EC35CC100F9781F /* DreamLister.xcdatamodeld in Sources */ = {isa = PBXBuildFile; fileRef = 6EA87CCF1EC35CC100F9781F /* DreamLister.xcdatamodeld */; };
		6EA87CD31EC35CC100F9781F /* Assets.xcassets in Resources */ = {isa = PBXBuildFile; fileRef = 6EA87CD21EC35CC100F9781F /* Assets.xcassets */; };
		6EA87CD61EC35CC100F9781F /* LaunchScreen.storyboard in Resources */ = {isa = PBXBuildFile; fileRef = 6EA87CD41EC35CC100F9781F /* LaunchScreen.storyboard */; };
		6EA87CF31EC4C96A00F9781F /* MaterialView.swift in Sources */ = {isa = PBXBuildFile; fileRef = 6EA87CF21EC4C96A00F9781F /* MaterialView.swift */; };
		6EA87CF51EC4CF2400F9781F /* ItemCell.swift in Sources */ = {isa = PBXBuildFile; fileRef = 6EA87CF41EC4CF2400F9781F /* ItemCell.swift */; };
/* End PBXBuildFile section */

/* Begin PBXFileReference section */
		6E7A628A1EC504A800080D05 /* ItemDetailVC.swift */ = {isa = PBXFileReference; fileEncoding = 4; lastKnownFileType = sourcecode.swift; path = ItemDetailVC.swift; sourceTree = "<group>"; };
		6E7A628C1EC52E0C00080D05 /* CustomTextField.swift */ = {isa = PBXFileReference; fileEncoding = 4; lastKnownFileType = sourcecode.swift; path = CustomTextField.swift; sourceTree = "<group>"; };
		6E999C5C1EC6378F00C602AF /* CoreDataUtil.swift */ = {isa = PBXFileReference; fileEncoding = 4; lastKnownFileType = sourcecode.swift; path = CoreDataUtil.swift; sourceTree = "<group>"; };
		6EA87CC51EC35CC100F9781F /* DreamLister.app */ = {isa = PBXFileReference; explicitFileType = wrapper.application; includeInIndex = 0; path = DreamLister.app; sourceTree = BUILT_PRODUCTS_DIR; };
		6EA87CC81EC35CC100F9781F /* AppDelegate.swift */ = {isa = PBXFileReference; lastKnownFileType = sourcecode.swift; path = AppDelegate.swift; sourceTree = "<group>"; };
		6EA87CCA1EC35CC100F9781F /* MainVC.swift */ = {isa = PBXFileReference; lastKnownFileType = sourcecode.swift; path = MainVC.swift; sourceTree = "<group>"; };
		6EA87CCD1EC35CC100F9781F /* Base */ = {isa = PBXFileReference; lastKnownFileType = file.storyboard; name = Base; path = Base.lproj/Main.storyboard; sourceTree = "<group>"; };
		6EA87CD01EC35CC100F9781F /* DreamLister.xcdatamodel */ = {isa = PBXFileReference; lastKnownFileType = wrapper.xcdatamodel; path = DreamLister.xcdatamodel; sourceTree = "<group>"; };
		6EA87CD21EC35CC100F9781F /* Assets.xcassets */ = {isa = PBXFileReference; lastKnownFileType = folder.assetcatalog; path = Assets.xcassets; sourceTree = "<group>"; };
		6EA87CD51EC35CC100F9781F /* Base */ = {isa = PBXFileReference; lastKnownFileType = file.storyboard; name = Base; path = Base.lproj/LaunchScreen.storyboard; sourceTree = "<group>"; };
		6EA87CD71EC35CC100F9781F /* Info.plist */ = {isa = PBXFileReference; lastKnownFileType = text.plist.xml; path = Info.plist; sourceTree = "<group>"; };
		6EA87CF21EC4C96A00F9781F /* MaterialView.swift */ = {isa = PBXFileReference; fileEncoding = 4; lastKnownFileType = sourcecode.swift; path = MaterialView.swift; sourceTree = "<group>"; };
		6EA87CF41EC4CF2400F9781F /* ItemCell.swift */ = {isa = PBXFileReference; fileEncoding = 4; lastKnownFileType = sourcecode.swift; path = ItemCell.swift; sourceTree = "<group>"; };
/* End PBXFileReference section */

/* Begin PBXFrameworksBuildPhase section */
		6EA87CC21EC35CC100F9781F /* Frameworks */ = {
			isa = PBXFrameworksBuildPhase;
			buildActionMask = 2147483647;
			files = (
			);
			runOnlyForDeploymentPostprocessing = 0;
		};
/* End PBXFrameworksBuildPhase section */

/* Begin PBXGroup section */
		6E7A62891EC5039300080D05 /* Controller */ = {
			isa = PBXGroup;
			children = (
				6EA87CCA1EC35CC100F9781F /* MainVC.swift */,
				6E7A628A1EC504A800080D05 /* ItemDetailVC.swift */,
			);
			name = Controller;
			sourceTree = "<group>";
		};
		6E999C5B1EC6377600C602AF /* Util */ = {
			isa = PBXGroup;
			children = (
				6E999C5C1EC6378F00C602AF /* CoreDataUtil.swift */,
			);
			name = Util;
			sourceTree = "<group>";
		};
		6EA87CBC1EC35CC100F9781F = {
			isa = PBXGroup;
			children = (
				6EA87CC71EC35CC100F9781F /* DreamLister */,
				6EA87CC61EC35CC100F9781F /* Products */,
			);
			sourceTree = "<group>";
		};
		6EA87CC61EC35CC100F9781F /* Products */ = {
			isa = PBXGroup;
			children = (
				6EA87CC51EC35CC100F9781F /* DreamLister.app */,
			);
			name = Products;
			sourceTree = "<group>";
		};
		6EA87CC71EC35CC100F9781F /* DreamLister */ = {
			isa = PBXGroup;
			children = (
				6E999C5B1EC6377600C602AF /* Util */,
				6E7A62891EC5039300080D05 /* Controller */,
				6EA87CF11EC4C95000F9781F /* View */,
				6EA87CED1EC3607800F9781F /* Model */,
				6EA87CC81EC35CC100F9781F /* AppDelegate.swift */,
				6EA87CCC1EC35CC100F9781F /* Main.storyboard */,
				6EA87CD21EC35CC100F9781F /* Assets.xcassets */,
				6EA87CD41EC35CC100F9781F /* LaunchScreen.storyboard */,
				6EA87CD71EC35CC100F9781F /* Info.plist */,
				6EA87CCF1EC35CC100F9781F /* DreamLister.xcdatamodeld */,
			);
			path = DreamLister;
			sourceTree = "<group>";
		};
		6EA87CED1EC3607800F9781F /* Model */ = {
			isa = PBXGroup;
			children = (
			);
			name = Model;
			sourceTree = "<group>";
		};
		6EA87CF11EC4C95000F9781F /* View */ = {
			isa = PBXGroup;
			children = (
				6E7A628C1EC52E0C00080D05 /* CustomTextField.swift */,
				6EA87CF21EC4C96A00F9781F /* MaterialView.swift */,
				6EA87CF41EC4CF2400F9781F /* ItemCell.swift */,
			);
			name = View;
			sourceTree = "<group>";
		};
/* End PBXGroup section */

/* Begin PBXNativeTarget section */
		6EA87CC41EC35CC100F9781F /* DreamLister */ = {
			isa = PBXNativeTarget;
			buildConfigurationList = 6EA87CDA1EC35CC100F9781F /* Build configuration list for PBXNativeTarget "DreamLister" */;
			buildPhases = (
				6EA87CC11EC35CC100F9781F /* Sources */,
				6EA87CC21EC35CC100F9781F /* Frameworks */,
				6EA87CC31EC35CC100F9781F /* Resources */,
			);
			buildRules = (
			);
			dependencies = (
			);
			name = DreamLister;
			productName = DreamLister;
			productReference = 6EA87CC51EC35CC100F9781F /* DreamLister.app */;
			productType = "com.apple.product-type.application";
		};
/* End PBXNativeTarget section */

/* Begin PBXProject section */
		6EA87CBD1EC35CC100F9781F /* Project object */ = {
			isa = PBXProject;
			attributes = {
				LastSwiftUpdateCheck = 0830;
				LastUpgradeCheck = 0830;
				ORGANIZATIONNAME = dscode;
				TargetAttributes = {
					6EA87CC41EC35CC100F9781F = {
						CreatedOnToolsVersion = 8.3.2;
						ProvisioningStyle = Automatic;
					};
				};
			};
			buildConfigurationList = 6EA87CC01EC35CC100F9781F /* Build configuration list for PBXProject "DreamLister" */;
			compatibilityVersion = "Xcode 3.2";
			developmentRegion = English;
			hasScannedForEncodings = 0;
			knownRegions = (
				en,
				Base,
			);
			mainGroup = 6EA87CBC1EC35CC100F9781F;
			productRefGroup = 6EA87CC61EC35CC100F9781F /* Products */;
			projectDirPath = "";
			projectRoot = "";
			targets = (
				6EA87CC41EC35CC100F9781F /* DreamLister */,
			);
		};
/* End PBXProject section */

/* Begin PBXResourcesBuildPhase section */
		6EA87CC31EC35CC100F9781F /* Resources */ = {
			isa = PBXResourcesBuildPhase;
			buildActionMask = 2147483647;
			files = (
				6EA87CD61EC35CC100F9781F /* LaunchScreen.storyboard in Resources */,
				6EA87CD31EC35CC100F9781F /* Assets.xcassets in Resources */,
				6EA87CCE1EC35CC100F9781F /* Main.storyboard in Resources */,
			);
			runOnlyForDeploymentPostprocessing = 0;
		};
/* End PBXResourcesBuildPhase section */

/* Begin PBXSourcesBuildPhase section */
		6EA87CC11EC35CC100F9781F /* Sources */ = {
			isa = PBXSourcesBuildPhase;
			buildActionMask = 2147483647;
			files = (
				6E7A628D1EC52E0C00080D05 /* CustomTextField.swift in Sources */,
				6EA87CCB1EC35CC100F9781F /* MainVC.swift in Sources */,
				6EA87CC91EC35CC100F9781F /* AppDelegate.swift in Sources */,
				6EA87CD11EC35CC100F9781F /* DreamLister.xcdatamodeld in Sources */,
				6EA87CF31EC4C96A00F9781F /* MaterialView.swift in Sources */,
				6E7A628B1EC504A800080D05 /* ItemDetailVC.swift in Sources */,
				6E999C5D1EC6378F00C602AF /* CoreDataUtil.swift in Sources */,
				6EA87CF51EC4CF2400F9781F /* ItemCell.swift in Sources */,
			);
			runOnlyForDeploymentPostprocessing = 0;
		};
/* End PBXSourcesBuildPhase section */

/* Begin PBXVariantGroup section */
		6EA87CCC1EC35CC100F9781F /* Main.storyboard */ = {
			isa = PBXVariantGroup;
			children = (
				6EA87CCD1EC35CC100F9781F /* Base */,
			);
			name = Main.storyboard;
			sourceTree = "<group>";
		};
		6EA87CD41EC35CC100F9781F /* LaunchScreen.storyboard */ = {
			isa = PBXVariantGroup;
			children = (
				6EA87CD51EC35CC100F9781F /* Base */,
			);
			name = LaunchScreen.storyboard;
			sourceTree = "<group>";
		};
/* End PBXVariantGroup section */

/* Begin XCBuildConfiguration section */
		6EA87CD81EC35CC100F9781F /* Debug */ = {
			isa = XCBuildConfiguration;
			buildSettings = {
				ALWAYS_SEARCH_USER_PATHS = NO;
				CLANG_ANALYZER_NONNULL = YES;
				CLANG_ANALYZER_NUMBER_OBJECT_CONVERSION = YES_AGGRESSIVE;
				CLANG_CXX_LANGUAGE_STANDARD = "gnu++0x";
				CLANG_CXX_LIBRARY = "libc++";
				CLANG_ENABLE_MODULES = YES;
				CLANG_ENABLE_OBJC_ARC = YES;
				CLANG_WARN_BOOL_CONVERSION = YES;
				CLANG_WARN_CONSTANT_CONVERSION = YES;
				CLANG_WARN_DIRECT_OBJC_ISA_USAGE = YES_ERROR;
				CLANG_WARN_DOCUMENTATION_COMMENTS = YES;
				CLANG_WARN_EMPTY_BODY = YES;
				CLANG_WARN_ENUM_CONVERSION = YES;
				CLANG_WARN_INFINITE_RECURSION = YES;
				CLANG_WARN_INT_CONVERSION = YES;
				CLANG_WARN_OBJC_ROOT_CLASS = YES_ERROR;
				CLANG_WARN_SUSPICIOUS_MOVE = YES;
				CLANG_WARN_UNREACHABLE_CODE = YES;
				CLANG_WARN__DUPLICATE_METHOD_MATCH = YES;
				"CODE_SIGN_IDENTITY[sdk=iphoneos*]" = "iPhone Developer";
				COPY_PHASE_STRIP = NO;
				DEBUG_INFORMATION_FORMAT = dwarf;
				ENABLE_STRICT_OBJC_MSGSEND = YES;
				ENABLE_TESTABILITY = YES;
				GCC_C_LANGUAGE_STANDARD = gnu99;
				GCC_DYNAMIC_NO_PIC = NO;
				GCC_NO_COMMON_BLOCKS = YES;
				GCC_OPTIMIZATION_LEVEL = 0;
				GCC_PREPROCESSOR_DEFINITIONS = (
					"DEBUG=1",
					"$(inherited)",
				);
				GCC_WARN_64_TO_32_BIT_CONVERSION = YES;
				GCC_WARN_ABOUT_RETURN_TYPE = YES_ERROR;
				GCC_WARN_UNDECLARED_SELECTOR = YES;
				GCC_WARN_UNINITIALIZED_AUTOS = YES_AGGRESSIVE;
				GCC_WARN_UNUSED_FUNCTION = YES;
				GCC_WARN_UNUSED_VARIABLE = YES;
				IPHONEOS_DEPLOYMENT_TARGET = 10.3;
				MTL_ENABLE_DEBUG_INFO = YES;
				ONLY_ACTIVE_ARCH = YES;
				SDKROOT = iphoneos;
				SWIFT_ACTIVE_COMPILATION_CONDITIONS = DEBUG;
				SWIFT_OPTIMIZATION_LEVEL = "-Onone";
			};
			name = Debug;
		};
		6EA87CD91EC35CC100F9781F /* Release */ = {
			isa = XCBuildConfiguration;
			buildSettings = {
				ALWAYS_SEARCH_USER_PATHS = NO;
				CLANG_ANALYZER_NONNULL = YES;
				CLANG_ANALYZER_NUMBER_OBJECT_CONVERSION = YES_AGGRESSIVE;
				CLANG_CXX_LANGUAGE_STANDARD = "gnu++0x";
				CLANG_CXX_LIBRARY = "libc++";
				CLANG_ENABLE_MODULES = YES;
				CLANG_ENABLE_OBJC_ARC = YES;
				CLANG_WARN_BOOL_CONVERSION = YES;
				CLANG_WARN_CONSTANT_CONVERSION = YES;
				CLANG_WARN_DIRECT_OBJC_ISA_USAGE = YES_ERROR;
				CLANG_WARN_DOCUMENTATION_COMMENTS = YES;
				CLANG_WARN_EMPTY_BODY = YES;
				CLANG_WARN_ENUM_CONVERSION = YES;
				CLANG_WARN_INFINITE_RECURSION = YES;
				CLANG_WARN_INT_CONVERSION = YES;
				CLANG_WARN_OBJC_ROOT_CLASS = YES_ERROR;
				CLANG_WARN_SUSPICIOUS_MOVE = YES;
				CLANG_WARN_UNREACHABLE_CODE = YES;
				CLANG_WARN__DUPLICATE_METHOD_MATCH = YES;
				"CODE_SIGN_IDENTITY[sdk=iphoneos*]" = "iPhone Developer";
				COPY_PHASE_STRIP = NO;
				DEBUG_INFORMATION_FORMAT = "dwarf-with-dsym";
				ENABLE_NS_ASSERTIONS = NO;
				ENABLE_STRICT_OBJC_MSGSEND = YES;
				GCC_C_LANGUAGE_STANDARD = gnu99;
				GCC_NO_COMMON_BLOCKS = YES;
				GCC_WARN_64_TO_32_BIT_CONVERSION = YES;
				GCC_WARN_ABOUT_RETURN_TYPE = YES_ERROR;
				GCC_WARN_UNDECLARED_SELECTOR = YES;
				GCC_WARN_UNINITIALIZED_AUTOS = YES_AGGRESSIVE;
				GCC_WARN_UNUSED_FUNCTION = YES;
				GCC_WARN_UNUSED_VARIABLE = YES;
				IPHONEOS_DEPLOYMENT_TARGET = 10.3;
				MTL_ENABLE_DEBUG_INFO = NO;
				SDKROOT = iphoneos;
				SWIFT_OPTIMIZATION_LEVEL = "-Owholemodule";
				VALIDATE_PRODUCT = YES;
			};
			name = Release;
		};
		6EA87CDB1EC35CC100F9781F /* Debug */ = {
			isa = XCBuildConfiguration;
			buildSettings = {
				ASSETCATALOG_COMPILER_APPICON_NAME = AppIcon;
				INFOPLIST_FILE = DreamLister/Info.plist;
				LD_RUNPATH_SEARCH_PATHS = "$(inherited) @executable_path/Frameworks";
				PRODUCT_BUNDLE_IDENTIFIER = com.dscode.DreamLister;
				PRODUCT_NAME = "$(TARGET_NAME)";
				SWIFT_VERSION = 3.0;
			};
			name = Debug;
		};
		6EA87CDC1EC35CC100F9781F /* Release */ = {
			isa = XCBuildConfiguration;
			buildSettings = {
				ASSETCATALOG_COMPILER_APPICON_NAME = AppIcon;
				INFOPLIST_FILE = DreamLister/Info.plist;
				LD_RUNPATH_SEARCH_PATHS = "$(inherited) @executable_path/Frameworks";
				PRODUCT_BUNDLE_IDENTIFIER = com.dscode.DreamLister;
				PRODUCT_NAME = "$(TARGET_NAME)";
				SWIFT_VERSION = 3.0;
			};
			name = Release;
		};
/* End XCBuildConfiguration section */

/* Begin XCConfigurationList section */
		6EA87CC01EC35CC100F9781F /* Build configuration list for PBXProject "DreamLister" */ = {
			isa = XCConfigurationList;
			buildConfigurations = (
				6EA87CD81EC35CC100F9781F /* Debug */,
				6EA87CD91EC35CC100F9781F /* Release */,
			);
			defaultConfigurationIsVisible = 0;
			defaultConfigurationName = Release;
		};
		6EA87CDA1EC35CC100F9781F /* Build configuration list for PBXNativeTarget "DreamLister" */ = {
			isa = XCConfigurationList;
			buildConfigurations = (
				6EA87CDB1EC35CC100F9781F /* Debug */,
				6EA87CDC1EC35CC100F9781F /* Release */,
			);
			defaultConfigurationIsVisible = 0;
			defaultConfigurationName = Release;
		};
/* End XCConfigurationList section */

/* Begin XCVersionGroup section */
		6EA87CCF1EC35CC100F9781F /* DreamLister.xcdatamodeld */ = {
			isa = XCVersionGroup;
			children = (
				6EA87CD01EC35CC100F9781F /* DreamLister.xcdatamodel */,
			);
			currentVersion = 6EA87CD01EC35CC100F9781F /* DreamLister.xcdatamodel */;
			path = DreamLister.xcdatamodeld;
			sourceTree = "<group>";
			versionGroupType = wrapper.xcdatamodel;
		};
/* End XCVersionGroup section */
	};
	rootObject = 6EA87CBD1EC35CC100F9781F /* Project object */;
}
